// !$*UTF8*$!
{
	archiveVersion = 1;
	classes = {
	};
	objectVersion = 77;
	objects = {

/* Begin PBXContainerItemProxy section */
		101DF3992CA4FEA80085E3F8 /* PBXContainerItemProxy */ = {
			isa = PBXContainerItemProxy;
			containerPortal = 101DF3802CA4FEA50085E3F8 /* Project object */;
			proxyType = 1;
			remoteGlobalIDString = 101DF3872CA4FEA50085E3F8;
			remoteInfo = SwiftDataProject;
		};
		101DF3A32CA4FEA80085E3F8 /* PBXContainerItemProxy */ = {
			isa = PBXContainerItemProxy;
			containerPortal = 101DF3802CA4FEA50085E3F8 /* Project object */;
			proxyType = 1;
			remoteGlobalIDString = 101DF3872CA4FEA50085E3F8;
			remoteInfo = SwiftDataProject;
		};
/* End PBXContainerItemProxy section */

/* Begin PBXFileReference section */
		101DF3882CA4FEA50085E3F8 /* SwiftDataProject.app */ = {isa = PBXFileReference; explicitFileType = wrapper.application; includeInIndex = 0; path = SwiftDataProject.app; sourceTree = BUILT_PRODUCTS_DIR; };
		101DF3982CA4FEA80085E3F8 /* SwiftDataProjectTests.xctest */ = {isa = PBXFileReference; explicitFileType = wrapper.cfbundle; includeInIndex = 0; path = SwiftDataProjectTests.xctest; sourceTree = BUILT_PRODUCTS_DIR; };
		101DF3A22CA4FEA80085E3F8 /* SwiftDataProjectUITests.xctest */ = {isa = PBXFileReference; explicitFileType = wrapper.cfbundle; includeInIndex = 0; path = SwiftDataProjectUITests.xctest; sourceTree = BUILT_PRODUCTS_DIR; };
/* End PBXFileReference section */

/* Begin PBXFileSystemSynchronizedRootGroup section */
		101DF38A2CA4FEA50085E3F8 /* SwiftDataProject */ = {
			isa = PBXFileSystemSynchronizedRootGroup;
			path = SwiftDataProject;
			sourceTree = "<group>";
		};
		101DF39B2CA4FEA80085E3F8 /* SwiftDataProjectTests */ = {
			isa = PBXFileSystemSynchronizedRootGroup;
			path = SwiftDataProjectTests;
			sourceTree = "<group>";
		};
		101DF3A52CA4FEA80085E3F8 /* SwiftDataProjectUITests */ = {
			isa = PBXFileSystemSynchronizedRootGroup;
			path = SwiftDataProjectUITests;
			sourceTree = "<group>";
		};
/* End PBXFileSystemSynchronizedRootGroup section */

/* Begin PBXFrameworksBuildPhase section */
		101DF3852CA4FEA50085E3F8 /* Frameworks */ = {
			isa = PBXFrameworksBuildPhase;
			buildActionMask = 2147483647;
			files = (
			);
			runOnlyForDeploymentPostprocessing = 0;
		};
		101DF3952CA4FEA80085E3F8 /* Frameworks */ = {
			isa = PBXFrameworksBuildPhase;
			buildActionMask = 2147483647;
			files = (
			);
			runOnlyForDeploymentPostprocessing = 0;
		};
		101DF39F2CA4FEA80085E3F8 /* Frameworks */ = {
			isa = PBXFrameworksBuildPhase;
			buildActionMask = 2147483647;
			files = (
			);
			runOnlyForDeploymentPostprocessing = 0;
		};
/* End PBXFrameworksBuildPhase section */

/* Begin PBXGroup section */
		101DF37F2CA4FEA50085E3F8 = {
			isa = PBXGroup;
			children = (
				101DF38A2CA4FEA50085E3F8 /* SwiftDataProject */,
				101DF39B2CA4FEA80085E3F8 /* SwiftDataProjectTests */,
				101DF3A52CA4FEA80085E3F8 /* SwiftDataProjectUITests */,
				101DF3892CA4FEA50085E3F8 /* Products */,
			);
			sourceTree = "<group>";
		};
		101DF3892CA4FEA50085E3F8 /* Products */ = {
			isa = PBXGroup;
			children = (
				101DF3882CA4FEA50085E3F8 /* SwiftDataProject.app */,
				101DF3982CA4FEA80085E3F8 /* SwiftDataProjectTests.xctest */,
				101DF3A22CA4FEA80085E3F8 /* SwiftDataProjectUITests.xctest */,
			);
			name = Products;
			sourceTree = "<group>";
		};
/* End PBXGroup section */

/* Begin PBXNativeTarget section */
		101DF3872CA4FEA50085E3F8 /* SwiftDataProject */ = {
			isa = PBXNativeTarget;
			buildConfigurationList = 101DF3AC2CA4FEA80085E3F8 /* Build configuration list for PBXNativeTarget "SwiftDataProject" */;
			buildPhases = (
				101DF3842CA4FEA50085E3F8 /* Sources */,
				101DF3852CA4FEA50085E3F8 /* Frameworks */,
				101DF3862CA4FEA50085E3F8 /* Resources */,
			);
			buildRules = (
			);
			dependencies = (
			);
			fileSystemSynchronizedGroups = (
				101DF38A2CA4FEA50085E3F8 /* SwiftDataProject */,
			);
			name = SwiftDataProject;
			packageProductDependencies = (
			);
			productName = SwiftDataProject;
			productReference = 101DF3882CA4FEA50085E3F8 /* SwiftDataProject.app */;
			productType = "com.apple.product-type.application";
		};
		101DF3972CA4FEA80085E3F8 /* SwiftDataProjectTests */ = {
			isa = PBXNativeTarget;
			buildConfigurationList = 101DF3AF2CA4FEA80085E3F8 /* Build configuration list for PBXNativeTarget "SwiftDataProjectTests" */;
			buildPhases = (
				101DF3942CA4FEA80085E3F8 /* Sources */,
				101DF3952CA4FEA80085E3F8 /* Frameworks */,
				101DF3962CA4FEA80085E3F8 /* Resources */,
			);
			buildRules = (
			);
			dependencies = (
				101DF39A2CA4FEA80085E3F8 /* PBXTargetDependency */,
			);
			fileSystemSynchronizedGroups = (
				101DF39B2CA4FEA80085E3F8 /* SwiftDataProjectTests */,
			);
			name = SwiftDataProjectTests;
			packageProductDependencies = (
			);
			productName = SwiftDataProjectTests;
			productReference = 101DF3982CA4FEA80085E3F8 /* SwiftDataProjectTests.xctest */;
			productType = "com.apple.product-type.bundle.unit-test";
		};
		101DF3A12CA4FEA80085E3F8 /* SwiftDataProjectUITests */ = {
			isa = PBXNativeTarget;
			buildConfigurationList = 101DF3B22CA4FEA80085E3F8 /* Build configuration list for PBXNativeTarget "SwiftDataProjectUITests" */;
			buildPhases = (
				101DF39E2CA4FEA80085E3F8 /* Sources */,
				101DF39F2CA4FEA80085E3F8 /* Frameworks */,
				101DF3A02CA4FEA80085E3F8 /* Resources */,
			);
			buildRules = (
			);
			dependencies = (
				101DF3A42CA4FEA80085E3F8 /* PBXTargetDependency */,
			);
			fileSystemSynchronizedGroups = (
				101DF3A52CA4FEA80085E3F8 /* SwiftDataProjectUITests */,
			);
			name = SwiftDataProjectUITests;
			packageProductDependencies = (
			);
			productName = SwiftDataProjectUITests;
			productReference = 101DF3A22CA4FEA80085E3F8 /* SwiftDataProjectUITests.xctest */;
			productType = "com.apple.product-type.bundle.ui-testing";
		};
/* End PBXNativeTarget section */

/* Begin PBXProject section */
		101DF3802CA4FEA50085E3F8 /* Project object */ = {
			isa = PBXProject;
			attributes = {
				BuildIndependentTargetsInParallel = 1;
				LastSwiftUpdateCheck = 1600;
				LastUpgradeCheck = 1600;
				TargetAttributes = {
					101DF3872CA4FEA50085E3F8 = {
						CreatedOnToolsVersion = 16.0;
					};
					101DF3972CA4FEA80085E3F8 = {
						CreatedOnToolsVersion = 16.0;
						TestTargetID = 101DF3872CA4FEA50085E3F8;
					};
					101DF3A12CA4FEA80085E3F8 = {
						CreatedOnToolsVersion = 16.0;
						TestTargetID = 101DF3872CA4FEA50085E3F8;
					};
				};
			};
			buildConfigurationList = 101DF3832CA4FEA50085E3F8 /* Build configuration list for PBXProject "SwiftDataProject" */;
			developmentRegion = en;
			hasScannedForEncodings = 0;
			knownRegions = (
				en,
				Base,
			);
			mainGroup = 101DF37F2CA4FEA50085E3F8;
			minimizedProjectReferenceProxies = 1;
			preferredProjectObjectVersion = 77;
			productRefGroup = 101DF3892CA4FEA50085E3F8 /* Products */;
			projectDirPath = "";
			projectRoot = "";
			targets = (
				101DF3872CA4FEA50085E3F8 /* SwiftDataProject */,
				101DF3972CA4FEA80085E3F8 /* SwiftDataProjectTests */,
				101DF3A12CA4FEA80085E3F8 /* SwiftDataProjectUITests */,
			);
		};
/* End PBXProject section */

/* Begin PBXResourcesBuildPhase section */
		101DF3862CA4FEA50085E3F8 /* Resources */ = {
			isa = PBXResourcesBuildPhase;
			buildActionMask = 2147483647;
			files = (
			);
			runOnlyForDeploymentPostprocessing = 0;
		};
		101DF3962CA4FEA80085E3F8 /* Resources */ = {
			isa = PBXResourcesBuildPhase;
			buildActionMask = 2147483647;
			files = (
			);
			runOnlyForDeploymentPostprocessing = 0;
		};
		101DF3A02CA4FEA80085E3F8 /* Resources */ = {
			isa = PBXResourcesBuildPhase;
			buildActionMask = 2147483647;
			files = (
			);
			runOnlyForDeploymentPostprocessing = 0;
		};
/* End PBXResourcesBuildPhase section */

/* Begin PBXSourcesBuildPhase section */
		101DF3842CA4FEA50085E3F8 /* Sources */ = {
			isa = PBXSourcesBuildPhase;
			buildActionMask = 2147483647;
			files = (
			);
			runOnlyForDeploymentPostprocessing = 0;
		};
		101DF3942CA4FEA80085E3F8 /* Sources */ = {
			isa = PBXSourcesBuildPhase;
			buildActionMask = 2147483647;
			files = (
			);
			runOnlyForDeploymentPostprocessing = 0;
		};
		101DF39E2CA4FEA80085E3F8 /* Sources */ = {
			isa = PBXSourcesBuildPhase;
			buildActionMask = 2147483647;
			files = (
			);
			runOnlyForDeploymentPostprocessing = 0;
		};
/* End PBXSourcesBuildPhase section */

/* Begin PBXTargetDependency section */
		101DF39A2CA4FEA80085E3F8 /* PBXTargetDependency */ = {
			isa = PBXTargetDependency;
			target = 101DF3872CA4FEA50085E3F8 /* SwiftDataProject */;
			targetProxy = 101DF3992CA4FEA80085E3F8 /* PBXContainerItemProxy */;
		};
		101DF3A42CA4FEA80085E3F8 /* PBXTargetDependency */ = {
			isa = PBXTargetDependency;
			target = 101DF3872CA4FEA50085E3F8 /* SwiftDataProject */;
			targetProxy = 101DF3A32CA4FEA80085E3F8 /* PBXContainerItemProxy */;
		};
/* End PBXTargetDependency section */

/* Begin XCBuildConfiguration section */
		101DF3AA2CA4FEA80085E3F8 /* Debug */ = {
			isa = XCBuildConfiguration;
			buildSettings = {
				ALWAYS_SEARCH_USER_PATHS = NO;
				ASSETCATALOG_COMPILER_GENERATE_SWIFT_ASSET_SYMBOL_EXTENSIONS = YES;
				CLANG_ANALYZER_NONNULL = YES;
				CLANG_ANALYZER_NUMBER_OBJECT_CONVERSION = YES_AGGRESSIVE;
				CLANG_CXX_LANGUAGE_STANDARD = "gnu++20";
				CLANG_ENABLE_MODULES = YES;
				CLANG_ENABLE_OBJC_ARC = YES;
				CLANG_ENABLE_OBJC_WEAK = YES;
				CLANG_WARN_BLOCK_CAPTURE_AUTORELEASING = YES;
				CLANG_WARN_BOOL_CONVERSION = YES;
				CLANG_WARN_COMMA = YES;
				CLANG_WARN_CONSTANT_CONVERSION = YES;
				CLANG_WARN_DEPRECATED_OBJC_IMPLEMENTATIONS = YES;
				CLANG_WARN_DIRECT_OBJC_ISA_USAGE = YES_ERROR;
				CLANG_WARN_DOCUMENTATION_COMMENTS = YES;
				CLANG_WARN_EMPTY_BODY = YES;
				CLANG_WARN_ENUM_CONVERSION = YES;
				CLANG_WARN_INFINITE_RECURSION = YES;
				CLANG_WARN_INT_CONVERSION = YES;
				CLANG_WARN_NON_LITERAL_NULL_CONVERSION = YES;
				CLANG_WARN_OBJC_IMPLICIT_RETAIN_SELF = YES;
				CLANG_WARN_OBJC_LITERAL_CONVERSION = YES;
				CLANG_WARN_OBJC_ROOT_CLASS = YES_ERROR;
				CLANG_WARN_QUOTED_INCLUDE_IN_FRAMEWORK_HEADER = YES;
				CLANG_WARN_RANGE_LOOP_ANALYSIS = YES;
				CLANG_WARN_STRICT_PROTOTYPES = YES;
				CLANG_WARN_SUSPICIOUS_MOVE = YES;
				CLANG_WARN_UNGUARDED_AVAILABILITY = YES_AGGRESSIVE;
				CLANG_WARN_UNREACHABLE_CODE = YES;
				CLANG_WARN__DUPLICATE_METHOD_MATCH = YES;
				COPY_PHASE_STRIP = NO;
				DEBUG_INFORMATION_FORMAT = dwarf;
				ENABLE_STRICT_OBJC_MSGSEND = YES;
				ENABLE_TESTABILITY = YES;
				ENABLE_USER_SCRIPT_SANDBOXING = YES;
				GCC_C_LANGUAGE_STANDARD = gnu17;
				GCC_DYNAMIC_NO_PIC = NO;
				GCC_NO_COMMON_BLOCKS = YES;
				GCC_OPTIMIZATION_LEVEL = 0;
				GCC_PREPROCESSOR_DEFINITIONS = (
					"DEBUG=1",
					"$(inherited)",
				);
				GCC_WARN_64_TO_32_BIT_CONVERSION = YES;
				GCC_WARN_ABOUT_RETURN_TYPE = YES_ERROR;
				GCC_WARN_UNDECLARED_SELECTOR = YES;
				GCC_WARN_UNINITIALIZED_AUTOS = YES_AGGRESSIVE;
				GCC_WARN_UNUSED_FUNCTION = YES;
				GCC_WARN_UNUSED_VARIABLE = YES;
				IPHONEOS_DEPLOYMENT_TARGET = 18.0;
				LOCALIZATION_PREFERS_STRING_CATALOGS = YES;
				MTL_ENABLE_DEBUG_INFO = INCLUDE_SOURCE;
				MTL_FAST_MATH = YES;
				ONLY_ACTIVE_ARCH = YES;
				SDKROOT = iphoneos;
				SWIFT_ACTIVE_COMPILATION_CONDITIONS = "DEBUG $(inherited)";
				SWIFT_OPTIMIZATION_LEVEL = "-Onone";
			};
			name = Debug;
		};
		101DF3AB2CA4FEA80085E3F8 /* Release */ = {
			isa = XCBuildConfiguration;
			buildSettings = {
				ALWAYS_SEARCH_USER_PATHS = NO;
				ASSETCATALOG_COMPILER_GENERATE_SWIFT_ASSET_SYMBOL_EXTENSIONS = YES;
				CLANG_ANALYZER_NONNULL = YES;
				CLANG_ANALYZER_NUMBER_OBJECT_CONVERSION = YES_AGGRESSIVE;
				CLANG_CXX_LANGUAGE_STANDARD = "gnu++20";
				CLANG_ENABLE_MODULES = YES;
				CLANG_ENABLE_OBJC_ARC = YES;
				CLANG_ENABLE_OBJC_WEAK = YES;
				CLANG_WARN_BLOCK_CAPTURE_AUTORELEASING = YES;
				CLANG_WARN_BOOL_CONVERSION = YES;
				CLANG_WARN_COMMA = YES;
				CLANG_WARN_CONSTANT_CONVERSION = YES;
				CLANG_WARN_DEPRECATED_OBJC_IMPLEMENTATIONS = YES;
				CLANG_WARN_DIRECT_OBJC_ISA_USAGE = YES_ERROR;
				CLANG_WARN_DOCUMENTATION_COMMENTS = YES;
				CLANG_WARN_EMPTY_BODY = YES;
				CLANG_WARN_ENUM_CONVERSION = YES;
				CLANG_WARN_INFINITE_RECURSION = YES;
				CLANG_WARN_INT_CONVERSION = YES;
				CLANG_WARN_NON_LITERAL_NULL_CONVERSION = YES;
				CLANG_WARN_OBJC_IMPLICIT_RETAIN_SELF = YES;
				CLANG_WARN_OBJC_LITERAL_CONVERSION = YES;
				CLANG_WARN_OBJC_ROOT_CLASS = YES_ERROR;
				CLANG_WARN_QUOTED_INCLUDE_IN_FRAMEWORK_HEADER = YES;
				CLANG_WARN_RANGE_LOOP_ANALYSIS = YES;
				CLANG_WARN_STRICT_PROTOTYPES = YES;
				CLANG_WARN_SUSPICIOUS_MOVE = YES;
				CLANG_WARN_UNGUARDED_AVAILABILITY = YES_AGGRESSIVE;
				CLANG_WARN_UNREACHABLE_CODE = YES;
				CLANG_WARN__DUPLICATE_METHOD_MATCH = YES;
				COPY_PHASE_STRIP = NO;
				DEBUG_INFORMATION_FORMAT = "dwarf-with-dsym";
				ENABLE_NS_ASSERTIONS = NO;
				ENABLE_STRICT_OBJC_MSGSEND = YES;
				ENABLE_USER_SCRIPT_SANDBOXING = YES;
				GCC_C_LANGUAGE_STANDARD = gnu17;
				GCC_NO_COMMON_BLOCKS = YES;
				GCC_WARN_64_TO_32_BIT_CONVERSION = YES;
				GCC_WARN_ABOUT_RETURN_TYPE = YES_ERROR;
				GCC_WARN_UNDECLARED_SELECTOR = YES;
				GCC_WARN_UNINITIALIZED_AUTOS = YES_AGGRESSIVE;
				GCC_WARN_UNUSED_FUNCTION = YES;
				GCC_WARN_UNUSED_VARIABLE = YES;
				IPHONEOS_DEPLOYMENT_TARGET = 18.0;
				LOCALIZATION_PREFERS_STRING_CATALOGS = YES;
				MTL_ENABLE_DEBUG_INFO = NO;
				MTL_FAST_MATH = YES;
				SDKROOT = iphoneos;
				SWIFT_COMPILATION_MODE = wholemodule;
				VALIDATE_PRODUCT = YES;
			};
			name = Release;
		};
		101DF3AD2CA4FEA80085E3F8 /* Debug */ = {
			isa = XCBuildConfiguration;
			buildSettings = {
				ASSETCATALOG_COMPILER_APPICON_NAME = AppIcon;
				ASSETCATALOG_COMPILER_GLOBAL_ACCENT_COLOR_NAME = AccentColor;
				CODE_SIGN_STYLE = Automatic;
				CURRENT_PROJECT_VERSION = 1;
				DEVELOPMENT_ASSET_PATHS = "\"SwiftDataProject/Preview Content\"";
				DEVELOPMENT_TEAM = S2FQHRJG5N;
				ENABLE_PREVIEWS = YES;
				GENERATE_INFOPLIST_FILE = YES;
				INFOPLIST_KEY_UIApplicationSceneManifest_Generation = YES;
				INFOPLIST_KEY_UIApplicationSupportsIndirectInputEvents = YES;
				INFOPLIST_KEY_UILaunchScreen_Generation = YES;
				INFOPLIST_KEY_UISupportedInterfaceOrientations_iPad = "UIInterfaceOrientationPortrait UIInterfaceOrientationPortraitUpsideDown UIInterfaceOrientationLandscapeLeft UIInterfaceOrientationLandscapeRight";
				INFOPLIST_KEY_UISupportedInterfaceOrientations_iPhone = "UIInterfaceOrientationPortrait UIInterfaceOrientationLandscapeLeft UIInterfaceOrientationLandscapeRight";
				LD_RUNPATH_SEARCH_PATHS = (
					"$(inherited)",
					"@executable_path/Frameworks",
				);
				MARKETING_VERSION = 1.0;
				PRODUCT_BUNDLE_IDENTIFIER = steeledeveloper.SwiftDataProject;
				PRODUCT_NAME = "$(TARGET_NAME)";
				SWIFT_EMIT_LOC_STRINGS = YES;
				SWIFT_VERSION = 5.0;
				TARGETED_DEVICE_FAMILY = "1,2";
			};
			name = Debug;
		};
		101DF3AE2CA4FEA80085E3F8 /* Release */ = {
			isa = XCBuildConfiguration;
			buildSettings = {
				ASSETCATALOG_COMPILER_APPICON_NAME = AppIcon;
				ASSETCATALOG_COMPILER_GLOBAL_ACCENT_COLOR_NAME = AccentColor;
				CODE_SIGN_STYLE = Automatic;
				CURRENT_PROJECT_VERSION = 1;
				DEVELOPMENT_ASSET_PATHS = "\"SwiftDataProject/Preview Content\"";
				DEVELOPMENT_TEAM = S2FQHRJG5N;
				ENABLE_PREVIEWS = YES;
				GENERATE_INFOPLIST_FILE = YES;
				INFOPLIST_KEY_UIApplicationSceneManifest_Generation = YES;
				INFOPLIST_KEY_UIApplicationSupportsIndirectInputEvents = YES;
				INFOPLIST_KEY_UILaunchScreen_Generation = YES;
				INFOPLIST_KEY_UISupportedInterfaceOrientations_iPad = "UIInterfaceOrientationPortrait UIInterfaceOrientationPortraitUpsideDown UIInterfaceOrientationLandscapeLeft UIInterfaceOrientationLandscapeRight";
				INFOPLIST_KEY_UISupportedInterfaceOrientations_iPhone = "UIInterfaceOrientationPortrait UIInterfaceOrientationLandscapeLeft UIInterfaceOrientationLandscapeRight";
				LD_RUNPATH_SEARCH_PATHS = (
					"$(inherited)",
					"@executable_path/Frameworks",
				);
				MARKETING_VERSION = 1.0;
				PRODUCT_BUNDLE_IDENTIFIER = steeledeveloper.SwiftDataProject;
				PRODUCT_NAME = "$(TARGET_NAME)";
				SWIFT_EMIT_LOC_STRINGS = YES;
				SWIFT_VERSION = 5.0;
				TARGETED_DEVICE_FAMILY = "1,2";
			};
			name = Release;
		};
		101DF3B02CA4FEA80085E3F8 /* Debug */ = {
			isa = XCBuildConfiguration;
			buildSettings = {
				BUNDLE_LOADER = "$(TEST_HOST)";
				CODE_SIGN_STYLE = Automatic;
				CURRENT_PROJECT_VERSION = 1;
				DEVELOPMENT_TEAM = S2FQHRJG5N;
				GENERATE_INFOPLIST_FILE = YES;
				IPHONEOS_DEPLOYMENT_TARGET = 18.0;
				MARKETING_VERSION = 1.0;
				PRODUCT_BUNDLE_IDENTIFIER = steeledeveloper.SwiftDataProjectTests;
				PRODUCT_NAME = "$(TARGET_NAME)";
				SWIFT_EMIT_LOC_STRINGS = NO;
				SWIFT_VERSION = 5.0;
				TARGETED_DEVICE_FAMILY = "1,2";
				TEST_HOST = "$(BUILT_PRODUCTS_DIR)/SwiftDataProject.app/$(BUNDLE_EXECUTABLE_FOLDER_PATH)/SwiftDataProject";
			};
			name = Debug;
		};
		101DF3B12CA4FEA80085E3F8 /* Release */ = {
			isa = XCBuildConfiguration;
			buildSettings = {
				BUNDLE_LOADER = "$(TEST_HOST)";
				CODE_SIGN_STYLE = Automatic;
				CURRENT_PROJECT_VERSION = 1;
				DEVELOPMENT_TEAM = S2FQHRJG5N;
				GENERATE_INFOPLIST_FILE = YES;
				IPHONEOS_DEPLOYMENT_TARGET = 18.0;
				MARKETING_VERSION = 1.0;
				PRODUCT_BUNDLE_IDENTIFIER = steeledeveloper.SwiftDataProjectTests;
				PRODUCT_NAME = "$(TARGET_NAME)";
				SWIFT_EMIT_LOC_STRINGS = NO;
				SWIFT_VERSION = 5.0;
				TARGETED_DEVICE_FAMILY = "1,2";
				TEST_HOST = "$(BUILT_PRODUCTS_DIR)/SwiftDataProject.app/$(BUNDLE_EXECUTABLE_FOLDER_PATH)/SwiftDataProject";
			};
			name = Release;
		};
		101DF3B32CA4FEA80085E3F8 /* Debug */ = {
			isa = XCBuildConfiguration;
			buildSettings = {
				CODE_SIGN_STYLE = Automatic;
				CURRENT_PROJECT_VERSION = 1;
				DEVELOPMENT_TEAM = S2FQHRJG5N;
				GENERATE_INFOPLIST_FILE = YES;
				MARKETING_VERSION = 1.0;
				PRODUCT_BUNDLE_IDENTIFIER = steeledeveloper.SwiftDataProjectUITests;
				PRODUCT_NAME = "$(TARGET_NAME)";
				SWIFT_EMIT_LOC_STRINGS = NO;
				SWIFT_VERSION = 5.0;
				TARGETED_DEVICE_FAMILY = "1,2";
				TEST_TARGET_NAME = SwiftDataProject;
			};
			name = Debug;
		};
		101DF3B42CA4FEA80085E3F8 /* Release */ = {
			isa = XCBuildConfiguration;
			buildSettings = {
				CODE_SIGN_STYLE = Automatic;
				CURRENT_PROJECT_VERSION = 1;
				DEVELOPMENT_TEAM = S2FQHRJG5N;
				GENERATE_INFOPLIST_FILE = YES;
				MARKETING_VERSION = 1.0;
				PRODUCT_BUNDLE_IDENTIFIER = steeledeveloper.SwiftDataProjectUITests;
				PRODUCT_NAME = "$(TARGET_NAME)";
				SWIFT_EMIT_LOC_STRINGS = NO;
				SWIFT_VERSION = 5.0;
				TARGETED_DEVICE_FAMILY = "1,2";
				TEST_TARGET_NAME = SwiftDataProject;
			};
			name = Release;
		};
/* End XCBuildConfiguration section */

/* Begin XCConfigurationList section */
		101DF3832CA4FEA50085E3F8 /* Build configuration list for PBXProject "SwiftDataProject" */ = {
			isa = XCConfigurationList;
			buildConfigurations = (
				101DF3AA2CA4FEA80085E3F8 /* Debug */,
				101DF3AB2CA4FEA80085E3F8 /* Release */,
			);
			defaultConfigurationIsVisible = 0;
			defaultConfigurationName = Release;
		};
		101DF3AC2CA4FEA80085E3F8 /* Build configuration list for PBXNativeTarget "SwiftDataProject" */ = {
			isa = XCConfigurationList;
			buildConfigurations = (
				101DF3AD2CA4FEA80085E3F8 /* Debug */,
				101DF3AE2CA4FEA80085E3F8 /* Release */,
			);
			defaultConfigurationIsVisible = 0;
			defaultConfigurationName = Release;
		};
		101DF3AF2CA4FEA80085E3F8 /* Build configuration list for PBXNativeTarget "SwiftDataProjectTests" */ = {
			isa = XCConfigurationList;
			buildConfigurations = (
				101DF3B02CA4FEA80085E3F8 /* Debug */,
				101DF3B12CA4FEA80085E3F8 /* Release */,
			);
			defaultConfigurationIsVisible = 0;
			defaultConfigurationName = Release;
		};
		101DF3B22CA4FEA80085E3F8 /* Build configuration list for PBXNativeTarget "SwiftDataProjectUITests" */ = {
			isa = XCConfigurationList;
			buildConfigurations = (
				101DF3B32CA4FEA80085E3F8 /* Debug */,
				101DF3B42CA4FEA80085E3F8 /* Release */,
			);
			defaultConfigurationIsVisible = 0;
			defaultConfigurationName = Release;
		};
/* End XCConfigurationList section */
	};
	rootObject = 101DF3802CA4FEA50085E3F8 /* Project object */;
}
